{
  "name": "tem-em-piranga-site",
  "lockfileVersion": 3,
  "requires": true,
  "packages": {
    "": {
      "name": "tem-em-piranga-site",
      "dependencies": {
        "worker-mailer": "^1.2.1"
      }
    },
    "node_modules/worker-mailer": {
      "version": "1.2.1",
      "resolved": "https://registry.npmjs.org/worker-mailer/-/worker-mailer-1.2.1.tgz",
      "integrity": "sha512-gS2ei/mrpRqNs+AHmqxhT6vFPwCLw2qnz5ShmyGD0ULaU0Q9hxnFAcx9jhAip/MnD6+MjgnQu6hQQgA8mlOkVA==",
      "license": "MIT"
    }
  }
}
